<?xml version="1.0" encoding="utf-8"?>
<Project ToolsVersion="4.0" xmlns="http://schemas.microsoft.com/developer/msbuild/2003">
  <ItemGroup>
    <ClCompile Include="BehaviorTree.cpp" />
    <ClCompile Include="Bot.cc" />
    <ClCompile Include="MyBot.cc" />
    <ClCompile Include="State.cc" />
    <ClCompile Include="MapSystem.cpp">
      <Filter>MapSystem</Filter>
    </ClCompile>
  </ItemGroup>
  <ItemGroup>
    <ClInclude Include="Action.h" />
    <ClInclude Include="BehaviorTree.h" />
    <ClInclude Include="Bot.h" />
    <ClInclude Include="Bug.h" />
    <ClInclude Include="Location.h" />
    <ClInclude Include="Decorator.h" />
    <ClInclude Include="Input.h" />
    <ClInclude Include="InputFailure.h" />
    <ClInclude Include="InputSuccess.h" />
    <ClInclude Include="Route.h" />
    <ClInclude Include="Selector.h" />
    <ClInclude Include="Sequencer.h" />
    <ClInclude Include="Square.h" />
    <ClInclude Include="State.h" />
    <ClInclude Include="Timer.h" />
    <ClInclude Include="Node.h" />
    <ClInclude Include="Astar\Graph.h">
      <Filter>Astar</Filter>
    </ClInclude>
    <ClInclude Include="Astar\Node.h">
      <Filter>Astar</Filter>
    </ClInclude>
    <ClInclude Include="MapSystem.h">
      <Filter>MapSystem</Filter>
    </ClInclude>
  </ItemGroup>
  <ItemGroup>
    <Filter Include="Astar">
      <UniqueIdentifier>{3c62c27c-b8a8-4ee4-acd8-c587853c8e29}</UniqueIdentifier>
    </Filter>
    <Filter Include="MapSystem">
      <UniqueIdentifier>{3583645f-0082-42fe-a34a-6be5bc2b25d7}</UniqueIdentifier>
    </Filter>
  </ItemGroup>
</Project>