<?xml version="1.0" encoding="utf-8"?>
<Project ToolsVersion="4.0" xmlns="http://schemas.microsoft.com/developer/msbuild/2003">
  <ItemGroup>
    <ClCompile Include="Bot.cc" />
    <ClCompile Include="MyBot.cc" />
    <ClCompile Include="State.cc" />
    <ClCompile Include="MapSystem.cpp">
      <Filter>MapSystem</Filter>
    </ClCompile>
    <ClCompile Include="BehaviorTree.cpp">
      <Filter>Behavior Tree</Filter>
    </ClCompile>
    <ClCompile Include="DecoratorAlwaysTrue.cpp">
      <Filter>Behavior Tree\Decorators</Filter>
    </ClCompile>
    <ClCompile Include="DecoratorNot.cpp">
      <Filter>Behavior Tree\Decorators</Filter>
    </ClCompile>
    <ClCompile Include="GlobalBlackboard.cpp" />
    <ClCompile Include="LocalBlackboard.cpp">
      <Filter>Behavior Tree</Filter>
    </ClCompile>
    <ClCompile Include="InputClosestToAnyFood.cpp">
      <Filter>Behavior Tree\Input\Eat</Filter>
    </ClCompile>
    <ClCompile Include="InputIDieByGoingThere.cpp">
      <Filter>Behavior Tree\Input\Eat</Filter>
    </ClCompile>
    <ClCompile Include="InputEnemyNear.cpp">
      <Filter>Behavior Tree\Input\Solo Attack</Filter>
    </ClCompile>
    <ClCompile Include="ActionApproachFood.cpp">
      <Filter>Behavior Tree\Action\Eat</Filter>
    </ClCompile>
    <ClCompile Include="ActionCalcTrajForFood.cpp">
      <Filter>Behavior Tree\Action\Eat</Filter>
    </ClCompile>
    <ClCompile Include="ActionGetClosestFood.cpp">
      <Filter>Behavior Tree\Action\Eat</Filter>
    </ClCompile>
    <ClCompile Include="InputWeBothDie.cpp">
      <Filter>Behavior Tree\Input\Solo Attack</Filter>
    </ClCompile>
    <ClCompile Include="ActionApproachEnemy.cpp">
      <Filter>Behavior Tree\Action\Solo Attack</Filter>
    </ClCompile>
    <ClCompile Include="InputClosestToMyHill.cpp" />
    <ClCompile Include="ActionApproachSentinelPoint.cpp">
      <Filter>Behavior Tree\Action\Explore</Filter>
    </ClCompile>
    <ClCompile Include="ActionChooseSentinelPoint.cpp">
      <Filter>Behavior Tree\Action\Explore</Filter>
    </ClCompile>
  </ItemGroup>
  <ItemGroup>
    <ClInclude Include="Astar\Graph.h">
      <Filter>Astar</Filter>
    </ClInclude>
    <ClInclude Include="Astar\Node.h">
      <Filter>Astar</Filter>
    </ClInclude>
    <ClInclude Include="MapSystem.h">
      <Filter>MapSystem</Filter>
    </ClInclude>
    <ClInclude Include="BehaviorTree.h">
      <Filter>Behavior Tree</Filter>
    </ClInclude>
    <ClInclude Include="Action.h">
      <Filter>Behavior Tree\Base classes</Filter>
    </ClInclude>
    <ClInclude Include="Behavior.h">
      <Filter>Behavior Tree\Base classes</Filter>
    </ClInclude>
    <ClInclude Include="Decorator.h">
      <Filter>Behavior Tree\Base classes</Filter>
    </ClInclude>
    <ClInclude Include="Input.h">
      <Filter>Behavior Tree\Base classes</Filter>
    </ClInclude>
    <ClInclude Include="Sequencer.h">
      <Filter>Behavior Tree\Base classes</Filter>
    </ClInclude>
    <ClInclude Include="Selector.h">
      <Filter>Behavior Tree\Base classes</Filter>
    </ClInclude>
    <ClInclude Include="InputFailure.h">
      <Filter>Behavior Tree\Debug Behaviors</Filter>
    </ClInclude>
    <ClInclude Include="InputSuccess.h">
      <Filter>Behavior Tree\Debug Behaviors</Filter>
    </ClInclude>
    <ClInclude Include="DecoratorAlwaysTrue.h">
      <Filter>Behavior Tree\Decorators</Filter>
    </ClInclude>
    <ClInclude Include="DecoratorNot.h">
      <Filter>Behavior Tree\Decorators</Filter>
    </ClInclude>
    <ClInclude Include="Bot.h">
      <Filter>Header Files</Filter>
    </ClInclude>
    <ClInclude Include="Bug.h">
      <Filter>Header Files</Filter>
    </ClInclude>
    <ClInclude Include="Location.h">
      <Filter>Header Files</Filter>
    </ClInclude>
    <ClInclude Include="Route.h">
      <Filter>Header Files</Filter>
    </ClInclude>
    <ClInclude Include="Square.h">
      <Filter>Header Files</Filter>
    </ClInclude>
    <ClInclude Include="State.h">
      <Filter>Header Files</Filter>
    </ClInclude>
    <ClInclude Include="Timer.h">
      <Filter>Header Files</Filter>
    </ClInclude>
    <ClInclude Include="GlobalBlackboard.h">
      <Filter>Header Files</Filter>
    </ClInclude>
    <ClInclude Include="LocalBlackboard.h">
      <Filter>Behavior Tree</Filter>
    </ClInclude>
    <ClInclude Include="ActionBlackboardInfos.h">
      <Filter>Behavior Tree\Debug Behaviors</Filter>
    </ClInclude>
    <ClInclude Include="NearbyFoodAnts.h">
      <Filter>Header Files</Filter>
    </ClInclude>
    <ClInclude Include="InputIDieByGoingThere.h">
      <Filter>Behavior Tree\Input\Eat</Filter>
    </ClInclude>
    <ClInclude Include="InputClosestToAnyFood.h">
      <Filter>Behavior Tree\Input\Eat</Filter>
    </ClInclude>
    <ClInclude Include="InputEnemyNear.h">
      <Filter>Behavior Tree\Input\Solo Attack</Filter>
    </ClInclude>
    <ClInclude Include="ActionGetClosestFood.h">
      <Filter>Behavior Tree\Action\Eat</Filter>
    </ClInclude>
    <ClInclude Include="ActionApproachFood.h">
      <Filter>Behavior Tree\Action\Eat</Filter>
    </ClInclude>
    <ClInclude Include="ActionCalcTrajForFood.h">
      <Filter>Behavior Tree\Action\Eat</Filter>
    </ClInclude>
    <ClInclude Include="InputWeBothDie.h">
      <Filter>Behavior Tree\Input\Solo Attack</Filter>
    </ClInclude>
    <ClInclude Include="ActionApproachEnemy.h">
      <Filter>Behavior Tree\Action\Solo Attack</Filter>
    </ClInclude>
    <ClInclude Include="InputClosestToMyHill.h" />
    <ClInclude Include="ActionApproachSentinelPoint.h">
      <Filter>Behavior Tree\Action\Explore</Filter>
    </ClInclude>
    <ClInclude Include="ActionChooseSentinelPoint.h">
      <Filter>Behavior Tree\Action\Explore</Filter>
    </ClInclude>
  </ItemGroup>
  <ItemGroup>
    <Filter Include="Astar">
      <UniqueIdentifier>{3c62c27c-b8a8-4ee4-acd8-c587853c8e29}</UniqueIdentifier>
    </Filter>
    <Filter Include="MapSystem">
      <UniqueIdentifier>{3583645f-0082-42fe-a34a-6be5bc2b25d7}</UniqueIdentifier>
    </Filter>
    <Filter Include="Behavior Tree">
      <UniqueIdentifier>{388fd681-7352-441a-96a2-79524318c155}</UniqueIdentifier>
    </Filter>
    <Filter Include="Behavior Tree\Base classes">
      <UniqueIdentifier>{0ab6d559-304c-48fe-926f-8445617089fa}</UniqueIdentifier>
    </Filter>
    <Filter Include="Behavior Tree\Debug Behaviors">
      <UniqueIdentifier>{62cca54c-e78e-4e66-a8a5-5592948599a3}</UniqueIdentifier>
    </Filter>
    <Filter Include="Behavior Tree\Decorators">
      <UniqueIdentifier>{1cba02b8-ae12-4b2b-8cdb-009a67bfb9ac}</UniqueIdentifier>
    </Filter>
    <Filter Include="Header Files">
      <UniqueIdentifier>{2b609992-215a-42ff-8f2b-01911ebac97f}</UniqueIdentifier>
    </Filter>
    <Filter Include="Behavior Tree\Input">
      <UniqueIdentifier>{e3a90ed7-011a-4ced-83ad-85cedb972820}</UniqueIdentifier>
    </Filter>
    <Filter Include="Behavior Tree\Action">
      <UniqueIdentifier>{4438d527-a495-4d90-852f-2f42a782f5a3}</UniqueIdentifier>
    </Filter>
    <Filter Include="Behavior Tree\Input\Eat">
      <UniqueIdentifier>{61d7c956-994c-45bf-8c4c-b10afb388c86}</UniqueIdentifier>
    </Filter>
    <Filter Include="Behavior Tree\Input\Solo Attack">
      <UniqueIdentifier>{8d0f5bbf-2310-4a81-9888-f8d24a92b6e5}</UniqueIdentifier>
    </Filter>
    <Filter Include="Behavior Tree\Action\Eat">
      <UniqueIdentifier>{b4dd0099-2386-4c0c-a987-717015b24c3d}</UniqueIdentifier>
    </Filter>
    <Filter Include="Behavior Tree\Action\Solo Attack">
      <UniqueIdentifier>{ab717b40-851f-4fef-a5a9-00dfd85071a1}</UniqueIdentifier>
    </Filter>
    <Filter Include="Behavior Tree\Action\Explore">
      <UniqueIdentifier>{55713e38-b54c-4a18-8fff-ba85b90b5c3b}</UniqueIdentifier>
    </Filter>
  </ItemGroup>
</Project>